
Microsoft Visual Studio Solution File, Format Version 12.00
# Visual Studio Version 17
VisualStudioVersion = 17.7.34024.191
MinimumVisualStudioVersion = 10.0.40219.1
Project("{9A19103F-16F7-4668-BE54-9A1E7A4F7556}") = "Patterns", "Patterns\Patterns.csproj", "{C92CF23B-FCBE-475A-B3AA-32944763023B}"
EndProject
Project("{9A19103F-16F7-4668-BE54-9A1E7A4F7556}") = "Electricity_Bill", "Electricity_Bill\Electricity_Bill.csproj", "{123F8A21-B2F5-4B7D-8E60-CF5E690AFA57}"
EndProject
Project("{9A19103F-16F7-4668-BE54-9A1E7A4F7556}") = "Calculate_Salary", "Calculate_Salary\Calculate_Salary.csproj", "{B6D2DED6-5DF4-430F-8601-CAD422AD67CA}"
EndProject
Project("{9A19103F-16F7-4668-BE54-9A1E7A4F7556}") = "String_Program1", "String_Program1\String_Program1.csproj", "{DA66856B-2B77-4BFC-BBE2-84ABE49630A0}"
EndProject
Project("{9A19103F-16F7-4668-BE54-9A1E7A4F7556}") = "String_Program2", "String_Program2\String_Program2.csproj", "{22A4A376-C3C9-4C1C-8191-63CA83C0F1AD}"
EndProject
Project("{9A19103F-16F7-4668-BE54-9A1E7A4F7556}") = "String_Program3", "String_Program3\String_Program3.csproj", "{394F6F29-19A0-4383-A6A4-1181B18A4820}"
EndProject
Project("{9A19103F-16F7-4668-BE54-9A1E7A4F7556}") = "Palindrome", "Palindrome\Palindrome.csproj", "{8C741F31-41C4-4CDA-BB5A-0E4E29FD418D}"
EndProject
Project("{9A19103F-16F7-4668-BE54-9A1E7A4F7556}") = "EmployeeClass", "EmployeeClass\EmployeeClass.csproj", "{69C273A3-0E01-4FAE-8BB6-4A75AEC556F9}"
EndProject
Project("{9A19103F-16F7-4668-BE54-9A1E7A4F7556}") = "EmployeeMenuProgram", "EmployeeMenuProgram\EmployeeMenuProgram.csproj", "{EF934131-CF42-4CBC-A2C0-8C8E46439EFA}"
EndProject
Project("{9A19103F-16F7-4668-BE54-9A1E7A4F7556}") = "CopyConstructor", "CopyConstructor\CopyConstructor.csproj", "{FDD659AE-DF0C-4475-A30B-B2449D43D011}"
EndProject
Project("{9A19103F-16F7-4668-BE54-9A1E7A4F7556}") = "ProblemOnMultilevel", "ProblemOnMultilevel\ProblemOnMultilevel.csproj", "{E15AD9B0-751E-417F-9248-6FA2CF6D7210}"
EndProject
Project("{9A19103F-16F7-4668-BE54-9A1E7A4F7556}") = "ArrayOfPerson", "ArrayOfPerson\ArrayOfPerson.csproj", "{8BF69FEB-BB4B-4557-A21A-26B8CAC15CF7}"
EndProject
Project("{9A19103F-16F7-4668-BE54-9A1E7A4F7556}") = "MultilevelInheritance", "MultilevelInheritance\MultilevelInheritance.csproj", "{11208563-2ABF-43FF-8C34-EE58992F5CAC}"
EndProject
Project("{9A19103F-16F7-4668-BE54-9A1E7A4F7556}") = "InterfaceProblem", "InterfaceProblem\InterfaceProblem.csproj", "{A21DFF26-BFFA-41C4-96CB-ABB54D5C712C}"
EndProject
Project("{9A19103F-16F7-4668-BE54-9A1E7A4F7556}") = "OperatorOverloadingPlus", "OperatorOverloading\OperatorOverloadingPlus.csproj", "{D8A03358-A5F8-4AE0-B8F1-CD327AF36C2E}"
EndProject
Project("{9A19103F-16F7-4668-BE54-9A1E7A4F7556}") = "OperatorOverloadingMultipl", "OperatorOverloadingMultipl\OperatorOverloadingMultipl.csproj", "{0CF4ECCA-7B2A-479F-96A8-CC5F68236078}"
EndProject
Project("{9A19103F-16F7-4668-BE54-9A1E7A4F7556}") = "MethodOverriding", "MethodOverriding\MethodOverriding.csproj", "{185E3B46-C4E9-4FE0-A640-CBEA0F9551E0}"
EndProject
Project("{9A19103F-16F7-4668-BE54-9A1E7A4F7556}") = "FunctionOverloading", "FunctionOverloading\FunctionOverloading.csproj", "{8F36DBAB-6666-4F81-BDDE-82130775304F}"
EndProject
Project("{9A19103F-16F7-4668-BE54-9A1E7A4F7556}") = "AbstractClass", "AbstractClass\AbstractClass.csproj", "{89C65A13-EBE7-49D9-84C3-8C09F1C2DE2C}"
EndProject
Project("{9A19103F-16F7-4668-BE54-9A1E7A4F7556}") = "CalculatorLibrary", "CalculatorLibrary\CalculatorLibrary.csproj", "{33B75524-F0A6-4A11-B00B-462944EBF8CA}"
EndProject
Project("{9A19103F-16F7-4668-BE54-9A1E7A4F7556}") = "CalculatorApp", "CalculatorApp\CalculatorApp.csproj", "{39D63C68-4136-4CDA-AE36-CB4F44024145}"
EndProject
Project("{9A19103F-16F7-4668-BE54-9A1E7A4F7556}") = "PropertiesAndFields", "PropertiesAndFields\PropertiesAndFields.csproj", "{2E897DE8-781B-4DD2-875D-BC34B04246DE}"
EndProject
Project("{9A19103F-16F7-4668-BE54-9A1E7A4F7556}") = "MultipleInterfaceIssue", "MultipleInterfaceIssue\MultipleInterfaceIssue.csproj", "{B82F119F-1F47-4DBC-94EC-B4D601B5C0B2}"
EndProject
Project("{9A19103F-16F7-4668-BE54-9A1E7A4F7556}") = "GenericCollections", "GenericCollections\GenericCollections.csproj", "{35BCC38C-C0E2-41F6-9F31-F69CBB3BEF2F}"
EndProject
Project("{9A19103F-16F7-4668-BE54-9A1E7A4F7556}") = "DictionaryProject", "DictionaryProject\DictionaryProject.csproj", "{ADCE0FDD-CE93-49A8-B67B-E25F36477E5F}"
EndProject
Project("{9A19103F-16F7-4668-BE54-9A1E7A4F7556}") = "ArrayListProject", "ArrayList\ArrayListProject.csproj", "{F09C6E9E-BE74-4E15-BB8F-3621D52B7E92}"
EndProject
Project("{9A19103F-16F7-4668-BE54-9A1E7A4F7556}") = "FileHandlingProject", "FileHandlingProject\FileHandlingProject.csproj", "{A185D244-F3A4-4DF1-8D86-E19F0E4E4403}"
EndProject
Project("{9A19103F-16F7-4668-BE54-9A1E7A4F7556}") = "StreamReaderAndStreamWriter", "StreamReaderAndStreamWriter\StreamReaderAndStreamWriter.csproj", "{B5420D33-865F-4A5D-990A-7C57BB55459B}"
EndProject
Project("{9A19103F-16F7-4668-BE54-9A1E7A4F7556}") = "FileClassProject", "FileClassProject\FileClassProject.csproj", "{69CE8791-7CA6-4581-8192-35A7EED1E7D8}"
EndProject
Project("{9A19103F-16F7-4668-BE54-9A1E7A4F7556}") = "DirectoryInfo_Project", "DirectoryInfo_Project\DirectoryInfo_Project.csproj", "{3FE2B813-3561-479A-945B-2E47CFDB383D}"
EndProject
Project("{9A19103F-16F7-4668-BE54-9A1E7A4F7556}") = "MileStone1_BookManagementSystem", "MileStone1_BookManagementSystem\MileStone1_BookManagementSystem.csproj", "{B3C905C5-B3F3-4637-BB04-2C605D412040}"
EndProject
Project("{9A19103F-16F7-4668-BE54-9A1E7A4F7556}") = "BooksLibrary", "BooksLibrary\BooksLibrary.csproj", "{008567AA-21C9-41D0-A533-1D903387C1E5}"
EndProject
Project("{9A19103F-16F7-4668-BE54-9A1E7A4F7556}") = "RegexProgram", "RegexProgram\RegexProgram.csproj", "{080B8F7D-060B-4084-BB5D-59F7665FC31C}"
EndProject
Project("{9A19103F-16F7-4668-BE54-9A1E7A4F7556}") = "LINQProgram", "LINQProgram\LINQProgram.csproj", "{3AD43E0B-F06C-4982-8C91-1F66E06EAD3D}"
EndProject
Project("{9A19103F-16F7-4668-BE54-9A1E7A4F7556}") = "LINQEmployeeDemo", "LINQEmployeeDemo\LINQEmployeeDemo.csproj", "{D7F109E6-E071-4D87-9E63-7A94E567480D}"
EndProject
Project("{9A19103F-16F7-4668-BE54-9A1E7A4F7556}") = "GroupJoinStudents", "GroupJoinStudents\GroupJoinStudents.csproj", "{DA1EBAE2-CEAB-46C8-AA69-175201B9A448}"
EndProject
Project("{9A19103F-16F7-4668-BE54-9A1E7A4F7556}") = "LINQLambdaQueryOperators", "LINQLambdaQueryOperators\LINQLambdaQueryOperators.csproj", "{C68A50C2-5AC6-4DB7-8978-728F66D8DE04}"
EndProject
Project("{9A19103F-16F7-4668-BE54-9A1E7A4F7556}") = "XMLTextWriter", "XMLTextWriter\XMLTextWriter.csproj", "{7A6526FF-AE45-4684-9216-78E5E900F123}"
EndProject
Project("{9A19103F-16F7-4668-BE54-9A1E7A4F7556}") = "XMLTextReader", "XMLTextReader\XMLTextReader.csproj", "{951D091C-50D8-450D-BF74-B7AA4B78F3B4}"
EndProject
Project("{9A19103F-16F7-4668-BE54-9A1E7A4F7556}") = "XMLWriteNode", "XMLWriteNode\XMLWriteNode.csproj", "{B0C7E19A-A94E-41F9-AF61-391706BC37F3}"
EndProject
Project("{9A19103F-16F7-4668-BE54-9A1E7A4F7556}") = "XMLDocumentLoad", "XMLDocumentLoad\XMLDocumentLoad.csproj", "{3CCD074B-4C12-4233-BD55-1A62FC4E0DE6}"
EndProject
Project("{9A19103F-16F7-4668-BE54-9A1E7A4F7556}") = "CSVDemo", "CSVDemo\CSVDemo.csproj", "{E4CE0CF9-9BD5-4398-9406-7D9DE58D2B80}"
EndProject
Project("{9A19103F-16F7-4668-BE54-9A1E7A4F7556}") = "XSLTDemo", "XSLTDemo\XSLTDemo.csproj", "{95E00878-7B49-474A-A094-3CE22A3F6601}"
EndProject
Project("{9A19103F-16F7-4668-BE54-9A1E7A4F7556}") = "DoctorManagementSystem", "DoctorManagementSystem\DoctorManagementSystem.csproj", "{B0DE374B-B4F5-49C4-9D2B-1A92CA6CFDB9}"
EndProject
Project("{9A19103F-16F7-4668-BE54-9A1E7A4F7556}") = "ECommerceManagement", "ECommerceManagement\ECommerceManagement.csproj", "{06398010-7247-4CFD-B7E7-29E44C454A15}"
EndProject
Project("{FAE04EC0-301F-11D3-BF4B-00C04F79EFBC}") = "FlightManagement", "FlightManagement\FlightManagement.csproj", "{85D6AD84-2409-458F-A245-3CE5352BAAB4}"
EndProject
Global
	GlobalSection(SolutionConfigurationPlatforms) = preSolution
		Debug|Any CPU = Debug|Any CPU
		Release|Any CPU = Release|Any CPU
	EndGlobalSection
	GlobalSection(ProjectConfigurationPlatforms) = postSolution
		{C92CF23B-FCBE-475A-B3AA-32944763023B}.Debug|Any CPU.ActiveCfg = Debug|Any CPU
		{C92CF23B-FCBE-475A-B3AA-32944763023B}.Debug|Any CPU.Build.0 = Debug|Any CPU
		{C92CF23B-FCBE-475A-B3AA-32944763023B}.Release|Any CPU.ActiveCfg = Release|Any CPU
		{C92CF23B-FCBE-475A-B3AA-32944763023B}.Release|Any CPU.Build.0 = Release|Any CPU
		{123F8A21-B2F5-4B7D-8E60-CF5E690AFA57}.Debug|Any CPU.ActiveCfg = Debug|Any CPU
		{123F8A21-B2F5-4B7D-8E60-CF5E690AFA57}.Debug|Any CPU.Build.0 = Debug|Any CPU
		{123F8A21-B2F5-4B7D-8E60-CF5E690AFA57}.Release|Any CPU.ActiveCfg = Release|Any CPU
		{123F8A21-B2F5-4B7D-8E60-CF5E690AFA57}.Release|Any CPU.Build.0 = Release|Any CPU
		{B6D2DED6-5DF4-430F-8601-CAD422AD67CA}.Debug|Any CPU.ActiveCfg = Debug|Any CPU
		{B6D2DED6-5DF4-430F-8601-CAD422AD67CA}.Debug|Any CPU.Build.0 = Debug|Any CPU
		{B6D2DED6-5DF4-430F-8601-CAD422AD67CA}.Release|Any CPU.ActiveCfg = Release|Any CPU
		{B6D2DED6-5DF4-430F-8601-CAD422AD67CA}.Release|Any CPU.Build.0 = Release|Any CPU
		{DA66856B-2B77-4BFC-BBE2-84ABE49630A0}.Debug|Any CPU.ActiveCfg = Debug|Any CPU
		{DA66856B-2B77-4BFC-BBE2-84ABE49630A0}.Debug|Any CPU.Build.0 = Debug|Any CPU
		{DA66856B-2B77-4BFC-BBE2-84ABE49630A0}.Release|Any CPU.ActiveCfg = Release|Any CPU
		{DA66856B-2B77-4BFC-BBE2-84ABE49630A0}.Release|Any CPU.Build.0 = Release|Any CPU
		{22A4A376-C3C9-4C1C-8191-63CA83C0F1AD}.Debug|Any CPU.ActiveCfg = Debug|Any CPU
		{22A4A376-C3C9-4C1C-8191-63CA83C0F1AD}.Debug|Any CPU.Build.0 = Debug|Any CPU
		{22A4A376-C3C9-4C1C-8191-63CA83C0F1AD}.Release|Any CPU.ActiveCfg = Release|Any CPU
		{22A4A376-C3C9-4C1C-8191-63CA83C0F1AD}.Release|Any CPU.Build.0 = Release|Any CPU
		{394F6F29-19A0-4383-A6A4-1181B18A4820}.Debug|Any CPU.ActiveCfg = Debug|Any CPU
		{394F6F29-19A0-4383-A6A4-1181B18A4820}.Debug|Any CPU.Build.0 = Debug|Any CPU
		{394F6F29-19A0-4383-A6A4-1181B18A4820}.Release|Any CPU.ActiveCfg = Release|Any CPU
		{394F6F29-19A0-4383-A6A4-1181B18A4820}.Release|Any CPU.Build.0 = Release|Any CPU
		{8C741F31-41C4-4CDA-BB5A-0E4E29FD418D}.Debug|Any CPU.ActiveCfg = Debug|Any CPU
		{8C741F31-41C4-4CDA-BB5A-0E4E29FD418D}.Debug|Any CPU.Build.0 = Debug|Any CPU
		{8C741F31-41C4-4CDA-BB5A-0E4E29FD418D}.Release|Any CPU.ActiveCfg = Release|Any CPU
		{8C741F31-41C4-4CDA-BB5A-0E4E29FD418D}.Release|Any CPU.Build.0 = Release|Any CPU
		{69C273A3-0E01-4FAE-8BB6-4A75AEC556F9}.Debug|Any CPU.ActiveCfg = Debug|Any CPU
		{69C273A3-0E01-4FAE-8BB6-4A75AEC556F9}.Debug|Any CPU.Build.0 = Debug|Any CPU
		{69C273A3-0E01-4FAE-8BB6-4A75AEC556F9}.Release|Any CPU.ActiveCfg = Release|Any CPU
		{69C273A3-0E01-4FAE-8BB6-4A75AEC556F9}.Release|Any CPU.Build.0 = Release|Any CPU
		{EF934131-CF42-4CBC-A2C0-8C8E46439EFA}.Debug|Any CPU.ActiveCfg = Debug|Any CPU
		{EF934131-CF42-4CBC-A2C0-8C8E46439EFA}.Debug|Any CPU.Build.0 = Debug|Any CPU
		{EF934131-CF42-4CBC-A2C0-8C8E46439EFA}.Release|Any CPU.ActiveCfg = Release|Any CPU
		{EF934131-CF42-4CBC-A2C0-8C8E46439EFA}.Release|Any CPU.Build.0 = Release|Any CPU
		{FDD659AE-DF0C-4475-A30B-B2449D43D011}.Debug|Any CPU.ActiveCfg = Debug|Any CPU
		{FDD659AE-DF0C-4475-A30B-B2449D43D011}.Debug|Any CPU.Build.0 = Debug|Any CPU
		{FDD659AE-DF0C-4475-A30B-B2449D43D011}.Release|Any CPU.ActiveCfg = Release|Any CPU
		{FDD659AE-DF0C-4475-A30B-B2449D43D011}.Release|Any CPU.Build.0 = Release|Any CPU
		{E15AD9B0-751E-417F-9248-6FA2CF6D7210}.Debug|Any CPU.ActiveCfg = Debug|Any CPU
		{E15AD9B0-751E-417F-9248-6FA2CF6D7210}.Debug|Any CPU.Build.0 = Debug|Any CPU
		{E15AD9B0-751E-417F-9248-6FA2CF6D7210}.Release|Any CPU.ActiveCfg = Release|Any CPU
		{E15AD9B0-751E-417F-9248-6FA2CF6D7210}.Release|Any CPU.Build.0 = Release|Any CPU
		{8BF69FEB-BB4B-4557-A21A-26B8CAC15CF7}.Debug|Any CPU.ActiveCfg = Debug|Any CPU
		{8BF69FEB-BB4B-4557-A21A-26B8CAC15CF7}.Debug|Any CPU.Build.0 = Debug|Any CPU
		{8BF69FEB-BB4B-4557-A21A-26B8CAC15CF7}.Release|Any CPU.ActiveCfg = Release|Any CPU
		{8BF69FEB-BB4B-4557-A21A-26B8CAC15CF7}.Release|Any CPU.Build.0 = Release|Any CPU
		{11208563-2ABF-43FF-8C34-EE58992F5CAC}.Debug|Any CPU.ActiveCfg = Debug|Any CPU
		{11208563-2ABF-43FF-8C34-EE58992F5CAC}.Debug|Any CPU.Build.0 = Debug|Any CPU
		{11208563-2ABF-43FF-8C34-EE58992F5CAC}.Release|Any CPU.ActiveCfg = Release|Any CPU
		{11208563-2ABF-43FF-8C34-EE58992F5CAC}.Release|Any CPU.Build.0 = Release|Any CPU
		{A21DFF26-BFFA-41C4-96CB-ABB54D5C712C}.Debug|Any CPU.ActiveCfg = Debug|Any CPU
		{A21DFF26-BFFA-41C4-96CB-ABB54D5C712C}.Debug|Any CPU.Build.0 = Debug|Any CPU
		{A21DFF26-BFFA-41C4-96CB-ABB54D5C712C}.Release|Any CPU.ActiveCfg = Release|Any CPU
		{A21DFF26-BFFA-41C4-96CB-ABB54D5C712C}.Release|Any CPU.Build.0 = Release|Any CPU
		{D8A03358-A5F8-4AE0-B8F1-CD327AF36C2E}.Debug|Any CPU.ActiveCfg = Debug|Any CPU
		{D8A03358-A5F8-4AE0-B8F1-CD327AF36C2E}.Debug|Any CPU.Build.0 = Debug|Any CPU
		{D8A03358-A5F8-4AE0-B8F1-CD327AF36C2E}.Release|Any CPU.ActiveCfg = Release|Any CPU
		{D8A03358-A5F8-4AE0-B8F1-CD327AF36C2E}.Release|Any CPU.Build.0 = Release|Any CPU
		{0CF4ECCA-7B2A-479F-96A8-CC5F68236078}.Debug|Any CPU.ActiveCfg = Debug|Any CPU
		{0CF4ECCA-7B2A-479F-96A8-CC5F68236078}.Debug|Any CPU.Build.0 = Debug|Any CPU
		{0CF4ECCA-7B2A-479F-96A8-CC5F68236078}.Release|Any CPU.ActiveCfg = Release|Any CPU
		{0CF4ECCA-7B2A-479F-96A8-CC5F68236078}.Release|Any CPU.Build.0 = Release|Any CPU
		{185E3B46-C4E9-4FE0-A640-CBEA0F9551E0}.Debug|Any CPU.ActiveCfg = Debug|Any CPU
		{185E3B46-C4E9-4FE0-A640-CBEA0F9551E0}.Debug|Any CPU.Build.0 = Debug|Any CPU
		{185E3B46-C4E9-4FE0-A640-CBEA0F9551E0}.Release|Any CPU.ActiveCfg = Release|Any CPU
		{185E3B46-C4E9-4FE0-A640-CBEA0F9551E0}.Release|Any CPU.Build.0 = Release|Any CPU
		{8F36DBAB-6666-4F81-BDDE-82130775304F}.Debug|Any CPU.ActiveCfg = Debug|Any CPU
		{8F36DBAB-6666-4F81-BDDE-82130775304F}.Debug|Any CPU.Build.0 = Debug|Any CPU
		{8F36DBAB-6666-4F81-BDDE-82130775304F}.Release|Any CPU.ActiveCfg = Release|Any CPU
		{8F36DBAB-6666-4F81-BDDE-82130775304F}.Release|Any CPU.Build.0 = Release|Any CPU
		{89C65A13-EBE7-49D9-84C3-8C09F1C2DE2C}.Debug|Any CPU.ActiveCfg = Debug|Any CPU
		{89C65A13-EBE7-49D9-84C3-8C09F1C2DE2C}.Debug|Any CPU.Build.0 = Debug|Any CPU
		{89C65A13-EBE7-49D9-84C3-8C09F1C2DE2C}.Release|Any CPU.ActiveCfg = Release|Any CPU
		{89C65A13-EBE7-49D9-84C3-8C09F1C2DE2C}.Release|Any CPU.Build.0 = Release|Any CPU
		{33B75524-F0A6-4A11-B00B-462944EBF8CA}.Debug|Any CPU.ActiveCfg = Debug|Any CPU
		{33B75524-F0A6-4A11-B00B-462944EBF8CA}.Debug|Any CPU.Build.0 = Debug|Any CPU
		{33B75524-F0A6-4A11-B00B-462944EBF8CA}.Release|Any CPU.ActiveCfg = Release|Any CPU
		{33B75524-F0A6-4A11-B00B-462944EBF8CA}.Release|Any CPU.Build.0 = Release|Any CPU
		{39D63C68-4136-4CDA-AE36-CB4F44024145}.Debug|Any CPU.ActiveCfg = Debug|Any CPU
		{39D63C68-4136-4CDA-AE36-CB4F44024145}.Debug|Any CPU.Build.0 = Debug|Any CPU
		{39D63C68-4136-4CDA-AE36-CB4F44024145}.Release|Any CPU.ActiveCfg = Release|Any CPU
		{39D63C68-4136-4CDA-AE36-CB4F44024145}.Release|Any CPU.Build.0 = Release|Any CPU
		{2E897DE8-781B-4DD2-875D-BC34B04246DE}.Debug|Any CPU.ActiveCfg = Debug|Any CPU
		{2E897DE8-781B-4DD2-875D-BC34B04246DE}.Debug|Any CPU.Build.0 = Debug|Any CPU
		{2E897DE8-781B-4DD2-875D-BC34B04246DE}.Release|Any CPU.ActiveCfg = Release|Any CPU
		{2E897DE8-781B-4DD2-875D-BC34B04246DE}.Release|Any CPU.Build.0 = Release|Any CPU
		{B82F119F-1F47-4DBC-94EC-B4D601B5C0B2}.Debug|Any CPU.ActiveCfg = Debug|Any CPU
		{B82F119F-1F47-4DBC-94EC-B4D601B5C0B2}.Debug|Any CPU.Build.0 = Debug|Any CPU
		{B82F119F-1F47-4DBC-94EC-B4D601B5C0B2}.Release|Any CPU.ActiveCfg = Release|Any CPU
		{B82F119F-1F47-4DBC-94EC-B4D601B5C0B2}.Release|Any CPU.Build.0 = Release|Any CPU
		{35BCC38C-C0E2-41F6-9F31-F69CBB3BEF2F}.Debug|Any CPU.ActiveCfg = Debug|Any CPU
		{35BCC38C-C0E2-41F6-9F31-F69CBB3BEF2F}.Debug|Any CPU.Build.0 = Debug|Any CPU
		{35BCC38C-C0E2-41F6-9F31-F69CBB3BEF2F}.Release|Any CPU.ActiveCfg = Release|Any CPU
		{35BCC38C-C0E2-41F6-9F31-F69CBB3BEF2F}.Release|Any CPU.Build.0 = Release|Any CPU
		{ADCE0FDD-CE93-49A8-B67B-E25F36477E5F}.Debug|Any CPU.ActiveCfg = Debug|Any CPU
		{ADCE0FDD-CE93-49A8-B67B-E25F36477E5F}.Debug|Any CPU.Build.0 = Debug|Any CPU
		{ADCE0FDD-CE93-49A8-B67B-E25F36477E5F}.Release|Any CPU.ActiveCfg = Release|Any CPU
		{ADCE0FDD-CE93-49A8-B67B-E25F36477E5F}.Release|Any CPU.Build.0 = Release|Any CPU
		{F09C6E9E-BE74-4E15-BB8F-3621D52B7E92}.Debug|Any CPU.ActiveCfg = Debug|Any CPU
		{F09C6E9E-BE74-4E15-BB8F-3621D52B7E92}.Debug|Any CPU.Build.0 = Debug|Any CPU
		{F09C6E9E-BE74-4E15-BB8F-3621D52B7E92}.Release|Any CPU.ActiveCfg = Release|Any CPU
		{F09C6E9E-BE74-4E15-BB8F-3621D52B7E92}.Release|Any CPU.Build.0 = Release|Any CPU
		{A185D244-F3A4-4DF1-8D86-E19F0E4E4403}.Debug|Any CPU.ActiveCfg = Debug|Any CPU
		{A185D244-F3A4-4DF1-8D86-E19F0E4E4403}.Debug|Any CPU.Build.0 = Debug|Any CPU
		{A185D244-F3A4-4DF1-8D86-E19F0E4E4403}.Release|Any CPU.ActiveCfg = Release|Any CPU
		{A185D244-F3A4-4DF1-8D86-E19F0E4E4403}.Release|Any CPU.Build.0 = Release|Any CPU
		{B5420D33-865F-4A5D-990A-7C57BB55459B}.Debug|Any CPU.ActiveCfg = Debug|Any CPU
		{B5420D33-865F-4A5D-990A-7C57BB55459B}.Debug|Any CPU.Build.0 = Debug|Any CPU
		{B5420D33-865F-4A5D-990A-7C57BB55459B}.Release|Any CPU.ActiveCfg = Release|Any CPU
		{B5420D33-865F-4A5D-990A-7C57BB55459B}.Release|Any CPU.Build.0 = Release|Any CPU
		{69CE8791-7CA6-4581-8192-35A7EED1E7D8}.Debug|Any CPU.ActiveCfg = Debug|Any CPU
		{69CE8791-7CA6-4581-8192-35A7EED1E7D8}.Debug|Any CPU.Build.0 = Debug|Any CPU
		{69CE8791-7CA6-4581-8192-35A7EED1E7D8}.Release|Any CPU.ActiveCfg = Release|Any CPU
		{69CE8791-7CA6-4581-8192-35A7EED1E7D8}.Release|Any CPU.Build.0 = Release|Any CPU
		{3FE2B813-3561-479A-945B-2E47CFDB383D}.Debug|Any CPU.ActiveCfg = Debug|Any CPU
		{3FE2B813-3561-479A-945B-2E47CFDB383D}.Debug|Any CPU.Build.0 = Debug|Any CPU
		{3FE2B813-3561-479A-945B-2E47CFDB383D}.Release|Any CPU.ActiveCfg = Release|Any CPU
		{3FE2B813-3561-479A-945B-2E47CFDB383D}.Release|Any CPU.Build.0 = Release|Any CPU
		{B3C905C5-B3F3-4637-BB04-2C605D412040}.Debug|Any CPU.ActiveCfg = Debug|Any CPU
		{B3C905C5-B3F3-4637-BB04-2C605D412040}.Debug|Any CPU.Build.0 = Debug|Any CPU
		{B3C905C5-B3F3-4637-BB04-2C605D412040}.Release|Any CPU.ActiveCfg = Release|Any CPU
		{B3C905C5-B3F3-4637-BB04-2C605D412040}.Release|Any CPU.Build.0 = Release|Any CPU
		{008567AA-21C9-41D0-A533-1D903387C1E5}.Debug|Any CPU.ActiveCfg = Debug|Any CPU
		{008567AA-21C9-41D0-A533-1D903387C1E5}.Debug|Any CPU.Build.0 = Debug|Any CPU
		{008567AA-21C9-41D0-A533-1D903387C1E5}.Release|Any CPU.ActiveCfg = Release|Any CPU
		{008567AA-21C9-41D0-A533-1D903387C1E5}.Release|Any CPU.Build.0 = Release|Any CPU
		{080B8F7D-060B-4084-BB5D-59F7665FC31C}.Debug|Any CPU.ActiveCfg = Debug|Any CPU
		{080B8F7D-060B-4084-BB5D-59F7665FC31C}.Debug|Any CPU.Build.0 = Debug|Any CPU
		{080B8F7D-060B-4084-BB5D-59F7665FC31C}.Release|Any CPU.ActiveCfg = Release|Any CPU
		{080B8F7D-060B-4084-BB5D-59F7665FC31C}.Release|Any CPU.Build.0 = Release|Any CPU
		{3AD43E0B-F06C-4982-8C91-1F66E06EAD3D}.Debug|Any CPU.ActiveCfg = Debug|Any CPU
		{3AD43E0B-F06C-4982-8C91-1F66E06EAD3D}.Debug|Any CPU.Build.0 = Debug|Any CPU
		{3AD43E0B-F06C-4982-8C91-1F66E06EAD3D}.Release|Any CPU.ActiveCfg = Release|Any CPU
		{3AD43E0B-F06C-4982-8C91-1F66E06EAD3D}.Release|Any CPU.Build.0 = Release|Any CPU
		{D7F109E6-E071-4D87-9E63-7A94E567480D}.Debug|Any CPU.ActiveCfg = Debug|Any CPU
		{D7F109E6-E071-4D87-9E63-7A94E567480D}.Debug|Any CPU.Build.0 = Debug|Any CPU
		{D7F109E6-E071-4D87-9E63-7A94E567480D}.Release|Any CPU.ActiveCfg = Release|Any CPU
		{D7F109E6-E071-4D87-9E63-7A94E567480D}.Release|Any CPU.Build.0 = Release|Any CPU
		{DA1EBAE2-CEAB-46C8-AA69-175201B9A448}.Debug|Any CPU.ActiveCfg = Debug|Any CPU
		{DA1EBAE2-CEAB-46C8-AA69-175201B9A448}.Debug|Any CPU.Build.0 = Debug|Any CPU
		{DA1EBAE2-CEAB-46C8-AA69-175201B9A448}.Release|Any CPU.ActiveCfg = Release|Any CPU
		{DA1EBAE2-CEAB-46C8-AA69-175201B9A448}.Release|Any CPU.Build.0 = Release|Any CPU
		{C68A50C2-5AC6-4DB7-8978-728F66D8DE04}.Debug|Any CPU.ActiveCfg = Debug|Any CPU
		{C68A50C2-5AC6-4DB7-8978-728F66D8DE04}.Debug|Any CPU.Build.0 = Debug|Any CPU
		{C68A50C2-5AC6-4DB7-8978-728F66D8DE04}.Release|Any CPU.ActiveCfg = Release|Any CPU
		{C68A50C2-5AC6-4DB7-8978-728F66D8DE04}.Release|Any CPU.Build.0 = Release|Any CPU
		{7A6526FF-AE45-4684-9216-78E5E900F123}.Debug|Any CPU.ActiveCfg = Debug|Any CPU
		{7A6526FF-AE45-4684-9216-78E5E900F123}.Debug|Any CPU.Build.0 = Debug|Any CPU
		{7A6526FF-AE45-4684-9216-78E5E900F123}.Release|Any CPU.ActiveCfg = Release|Any CPU
		{7A6526FF-AE45-4684-9216-78E5E900F123}.Release|Any CPU.Build.0 = Release|Any CPU
		{951D091C-50D8-450D-BF74-B7AA4B78F3B4}.Debug|Any CPU.ActiveCfg = Debug|Any CPU
		{951D091C-50D8-450D-BF74-B7AA4B78F3B4}.Debug|Any CPU.Build.0 = Debug|Any CPU
		{951D091C-50D8-450D-BF74-B7AA4B78F3B4}.Release|Any CPU.ActiveCfg = Release|Any CPU
		{951D091C-50D8-450D-BF74-B7AA4B78F3B4}.Release|Any CPU.Build.0 = Release|Any CPU
		{B0C7E19A-A94E-41F9-AF61-391706BC37F3}.Debug|Any CPU.ActiveCfg = Debug|Any CPU
		{B0C7E19A-A94E-41F9-AF61-391706BC37F3}.Debug|Any CPU.Build.0 = Debug|Any CPU
		{B0C7E19A-A94E-41F9-AF61-391706BC37F3}.Release|Any CPU.ActiveCfg = Release|Any CPU
		{B0C7E19A-A94E-41F9-AF61-391706BC37F3}.Release|Any CPU.Build.0 = Release|Any CPU
		{3CCD074B-4C12-4233-BD55-1A62FC4E0DE6}.Debug|Any CPU.ActiveCfg = Debug|Any CPU
		{3CCD074B-4C12-4233-BD55-1A62FC4E0DE6}.Debug|Any CPU.Build.0 = Debug|Any CPU
		{3CCD074B-4C12-4233-BD55-1A62FC4E0DE6}.Release|Any CPU.ActiveCfg = Release|Any CPU
		{3CCD074B-4C12-4233-BD55-1A62FC4E0DE6}.Release|Any CPU.Build.0 = Release|Any CPU
		{E4CE0CF9-9BD5-4398-9406-7D9DE58D2B80}.Debug|Any CPU.ActiveCfg = Debug|Any CPU
		{E4CE0CF9-9BD5-4398-9406-7D9DE58D2B80}.Debug|Any CPU.Build.0 = Debug|Any CPU
		{E4CE0CF9-9BD5-4398-9406-7D9DE58D2B80}.Release|Any CPU.ActiveCfg = Release|Any CPU
		{E4CE0CF9-9BD5-4398-9406-7D9DE58D2B80}.Release|Any CPU.Build.0 = Release|Any CPU
		{95E00878-7B49-474A-A094-3CE22A3F6601}.Debug|Any CPU.ActiveCfg = Debug|Any CPU
		{95E00878-7B49-474A-A094-3CE22A3F6601}.Debug|Any CPU.Build.0 = Debug|Any CPU
		{95E00878-7B49-474A-A094-3CE22A3F6601}.Release|Any CPU.ActiveCfg = Release|Any CPU
		{95E00878-7B49-474A-A094-3CE22A3F6601}.Release|Any CPU.Build.0 = Release|Any CPU
		{B0DE374B-B4F5-49C4-9D2B-1A92CA6CFDB9}.Debug|Any CPU.ActiveCfg = Debug|Any CPU
		{B0DE374B-B4F5-49C4-9D2B-1A92CA6CFDB9}.Debug|Any CPU.Build.0 = Debug|Any CPU
		{B0DE374B-B4F5-49C4-9D2B-1A92CA6CFDB9}.Release|Any CPU.ActiveCfg = Release|Any CPU
		{B0DE374B-B4F5-49C4-9D2B-1A92CA6CFDB9}.Release|Any CPU.Build.0 = Release|Any CPU
		{06398010-7247-4CFD-B7E7-29E44C454A15}.Debug|Any CPU.ActiveCfg = Debug|Any CPU
		{06398010-7247-4CFD-B7E7-29E44C454A15}.Debug|Any CPU.Build.0 = Debug|Any CPU
		{06398010-7247-4CFD-B7E7-29E44C454A15}.Release|Any CPU.ActiveCfg = Release|Any CPU
		{06398010-7247-4CFD-B7E7-29E44C454A15}.Release|Any CPU.Build.0 = Release|Any CPU
		{85D6AD84-2409-458F-A245-3CE5352BAAB4}.Debug|Any CPU.ActiveCfg = Debug|Any CPU
		{85D6AD84-2409-458F-A245-3CE5352BAAB4}.Debug|Any CPU.Build.0 = Debug|Any CPU
		{85D6AD84-2409-458F-A245-3CE5352BAAB4}.Release|Any CPU.ActiveCfg = Release|Any CPU
		{85D6AD84-2409-458F-A245-3CE5352BAAB4}.Release|Any CPU.Build.0 = Release|Any CPU
	EndGlobalSection
	GlobalSection(SolutionProperties) = preSolution
		HideSolutionNode = FALSE
	EndGlobalSection
	GlobalSection(ExtensibilityGlobals) = postSolution
		SolutionGuid = {053677A0-B77A-442B-9F76-09A974EC67CD}
	EndGlobalSection
EndGlobal
