
Microsoft Visual Studio Solution File, Format Version 12.00
# Visual Studio Version 17
VisualStudioVersion = 17.7.34024.191
MinimumVisualStudioVersion = 10.0.40219.1
Project("{FAE04EC0-301F-11D3-BF4B-00C04F79EFBC}") = "ITextDemo", "ITextDemo\ITextDemo.csproj", "{0B71026C-18F7-45CE-986A-6AC4BD687C00}"
EndProject
Project("{FAE04EC0-301F-11D3-BF4B-00C04F79EFBC}") = "DemoITextModification", "DemoITextModification\DemoITextModification.csproj", "{50A8F35B-B735-4F6C-8B68-C2C56310587D}"
EndProject
Global
	GlobalSection(SolutionConfigurationPlatforms) = preSolution
		Debug|Any CPU = Debug|Any CPU
		Release|Any CPU = Release|Any CPU
	EndGlobalSection
	GlobalSection(ProjectConfigurationPlatforms) = postSolution
		{0B71026C-18F7-45CE-986A-6AC4BD687C00}.Debug|Any CPU.ActiveCfg = Debug|Any CPU
		{0B71026C-18F7-45CE-986A-6AC4BD687C00}.Debug|Any CPU.Build.0 = Debug|Any CPU
		{0B71026C-18F7-45CE-986A-6AC4BD687C00}.Release|Any CPU.ActiveCfg = Release|Any CPU
		{0B71026C-18F7-45CE-986A-6AC4BD687C00}.Release|Any CPU.Build.0 = Release|Any CPU
		{50A8F35B-B735-4F6C-8B68-C2C56310587D}.Debug|Any CPU.ActiveCfg = Debug|Any CPU
		{50A8F35B-B735-4F6C-8B68-C2C56310587D}.Debug|Any CPU.Build.0 = Debug|Any CPU
		{50A8F35B-B735-4F6C-8B68-C2C56310587D}.Release|Any CPU.ActiveCfg = Release|Any CPU
		{50A8F35B-B735-4F6C-8B68-C2C56310587D}.Release|Any CPU.Build.0 = Release|Any CPU
	EndGlobalSection
	GlobalSection(SolutionProperties) = preSolution
		HideSolutionNode = FALSE
	EndGlobalSection
	GlobalSection(ExtensibilityGlobals) = postSolution
		SolutionGuid = {A7730C78-4A57-4E0E-A7EF-38C0410B5409}
	EndGlobalSection
EndGlobal
